// !$*UTF8*$!
{
	archiveVersion = 1;
	classes = {
	};
	objectVersion = 46;
	objects = {

/* Begin PBXBuildFile section */
		7E0E73AD16DE592000DBA37D /* AVFoundation.framework in Frameworks */ = {isa = PBXBuildFile; fileRef = 7E0E73AC16DE592000DBA37D /* AVFoundation.framework */; };
		7E0E73AF16DE593100DBA37D /* AudioToolbox.framework in Frameworks */ = {isa = PBXBuildFile; fileRef = 7E0E73AE16DE593100DBA37D /* AudioToolbox.framework */; };
		7E0E73B116DE593B00DBA37D /* AddressBook.framework in Frameworks */ = {isa = PBXBuildFile; fileRef = 7E0E73B016DE593B00DBA37D /* AddressBook.framework */; };
		7E0E73B316DE594800DBA37D /* CoreMedia.framework in Frameworks */ = {isa = PBXBuildFile; fileRef = 7E0E73B216DE594800DBA37D /* CoreMedia.framework */; };
		7E0E73B516DE595000DBA37D /* CoreTelephony.framework in Frameworks */ = {isa = PBXBuildFile; fileRef = 7E0E73B416DE595000DBA37D /* CoreTelephony.framework */; };
		7E0E73B716DE595C00DBA37D /* EventKit.framework in Frameworks */ = {isa = PBXBuildFile; fileRef = 7E0E73B616DE595C00DBA37D /* EventKit.framework */; };
		7E0E73B916DE597400DBA37D /* QuartzCore.framework in Frameworks */ = {isa = PBXBuildFile; fileRef = 7E0E73B816DE597400DBA37D /* QuartzCore.framework */; };
		7E8F818916D9056F0086258D /* libDomobAdSDK.a in Frameworks */ = {isa = PBXBuildFile; fileRef = 7E8F818816D9056F0086258D /* libDomobAdSDK.a */; };
		7E8F819016D9059D0086258D /* DomobAdSDKBundle.bundle in Resources */ = {isa = PBXBuildFile; fileRef = 7E8F818F16D9059D0086258D /* DomobAdSDKBundle.bundle */; };
		BA05DB7B16D8579300F44750 /* CoreDataTableViewController.m in Sources */ = {isa = PBXBuildFile; fileRef = BA05DB7A16D8579300F44750 /* CoreDataTableViewController.m */; };
		BA05DB7E16D85FD800F44750 /* ColorTable.xcdatamodeld in Sources */ = {isa = PBXBuildFile; fileRef = BA05DB7C16D85FD800F44750 /* ColorTable.xcdatamodeld */; };
		BA05DB8816D895D000F44750 /* CoreData.framework in Frameworks */ = {isa = PBXBuildFile; fileRef = BA05DB8716D895D000F44750 /* CoreData.framework */; };
		BA05DB8C16D897E100F44750 /* TakePhoto.png in Resources */ = {isa = PBXBuildFile; fileRef = BA05DB8B16D897E100F44750 /* TakePhoto.png */; };
		BA05DB9216D89EFC00F44750 /* ColorHistoryTableViewController.m in Sources */ = {isa = PBXBuildFile; fileRef = BA05DB9116D89EFC00F44750 /* ColorHistoryTableViewController.m */; };
		BA05DB9616D8AF6600F44750 /* ImageOperate.m in Sources */ = {isa = PBXBuildFile; fileRef = BA05DB9516D8AF6600F44750 /* ImageOperate.m */; };
		BA05DB9D16D8B5CF00F44750 /* ColorsData+Operator.m in Sources */ = {isa = PBXBuildFile; fileRef = BA05DB9C16D8B5CF00F44750 /* ColorsData+Operator.m */; };
		BA0C1D9716DC8D30000D534A /* ShareSend.storyboard in Resources */ = {isa = PBXBuildFile; fileRef = BA0C1D9616DC8D30000D534A /* ShareSend.storyboard */; };
		BA0C1D9A16DC8D42000D534A /* ShareSendViewController.m in Sources */ = {isa = PBXBuildFile; fileRef = BA0C1D9916DC8D42000D534A /* ShareSendViewController.m */; };
		BA0C1DA316DC8DAA000D534A /* weibo32_Black.png in Resources */ = {isa = PBXBuildFile; fileRef = BA0C1D9D16DC8DAA000D534A /* weibo32_Black.png */; };
		BA0C1DA416DC8DAA000D534A /* weibo32.png in Resources */ = {isa = PBXBuildFile; fileRef = BA0C1D9E16DC8DAA000D534A /* weibo32.png */; };
		BA0C1DA516DC8DAA000D534A /* weibo64_Black.png in Resources */ = {isa = PBXBuildFile; fileRef = BA0C1D9F16DC8DAA000D534A /* weibo64_Black.png */; };
		BA0C1DA616DC8DAA000D534A /* weibo64.png in Resources */ = {isa = PBXBuildFile; fileRef = BA0C1DA016DC8DAA000D534A /* weibo64.png */; };
		BA0C1DA916DC8DE2000D534A /* OauthViewController.m in Sources */ = {isa = PBXBuildFile; fileRef = BA0C1DA816DC8DE2000D534A /* OauthViewController.m */; };
		BA0C1DAC16DC8E47000D534A /* UserTokenFileOperate.m in Sources */ = {isa = PBXBuildFile; fileRef = BA0C1DAB16DC8E47000D534A /* UserTokenFileOperate.m */; };
		BA0C1DAE16DC8E83000D534A /* UserInfoPropertyList.plist in Resources */ = {isa = PBXBuildFile; fileRef = BA0C1DAD16DC8E83000D534A /* UserInfoPropertyList.plist */; };
		BA0C1DB116DC8EA7000D534A /* UserOauthData.m in Sources */ = {isa = PBXBuildFile; fileRef = BA0C1DB016DC8EA7000D534A /* UserOauthData.m */; };
		BA0C1DB416DC8F08000D534A /* OauthKey.m in Sources */ = {isa = PBXBuildFile; fileRef = BA0C1DB316DC8F08000D534A /* OauthKey.m */; };
		BA0C5F2716DB0B99001EB5DB /* Placeholder.png in Resources */ = {isa = PBXBuildFile; fileRef = BA0C5F2616DB0B99001EB5DB /* Placeholder.png */; };
		BA0C5F2A16DB0CB4001EB5DB /* ColorHistoryTableViewCell.m in Sources */ = {isa = PBXBuildFile; fileRef = BA0C5F2916DB0CB4001EB5DB /* ColorHistoryTableViewCell.m */; };
		BA0C5F2C16DB0CCD001EB5DB /* ColorHistoryTableViewCell.xib in Resources */ = {isa = PBXBuildFile; fileRef = BA0C5F2B16DB0CCD001EB5DB /* ColorHistoryTableViewCell.xib */; };
		BA0C5F3016DB31F9001EB5DB /* ColorsData.m in Sources */ = {isa = PBXBuildFile; fileRef = BA0C5F2F16DB31F9001EB5DB /* ColorsData.m */; };
		BA0C5F3316DB3A00001EB5DB /* ColorHistoryTableViewController.storyboard in Resources */ = {isa = PBXBuildFile; fileRef = BA0C5F3216DB3A00001EB5DB /* ColorHistoryTableViewController.storyboard */; };
		BA0C5F3616DB3F4B001EB5DB /* AboutViewController.m in Sources */ = {isa = PBXBuildFile; fileRef = BA0C5F3516DB3F4B001EB5DB /* AboutViewController.m */; };
		BA0C5F3916DB3FA2001EB5DB /* SMSAndMailManager.m in Sources */ = {isa = PBXBuildFile; fileRef = BA0C5F3816DB3FA2001EB5DB /* SMSAndMailManager.m */; };
		BA0C5F3B16DB40BA001EB5DB /* MessageUI.framework in Frameworks */ = {isa = PBXBuildFile; fileRef = BA0C5F3A16DB40B9001EB5DB /* MessageUI.framework */; };
		BA1B54BF16E0377700C1AC6E /* Social.framework in Frameworks */ = {isa = PBXBuildFile; fileRef = BA1B54BE16E0377700C1AC6E /* Social.framework */; };
		BA1B54C116E0390100C1AC6E /* Accounts.framework in Frameworks */ = {isa = PBXBuildFile; fileRef = BA1B54C016E0390100C1AC6E /* Accounts.framework */; };
		BA1B54C916E04B9300C1AC6E /* LINEActivity.m in Sources */ = {isa = PBXBuildFile; fileRef = BA1B54C416E04B9300C1AC6E /* LINEActivity.m */; };
		BA1B54CA16E04B9300C1AC6E /* LINEActivityIcon.png in Resources */ = {isa = PBXBuildFile; fileRef = BA1B54C516E04B9300C1AC6E /* LINEActivityIcon.png */; };
		BA1B54CB16E04B9300C1AC6E /* LINEActivityIcon@2x.png in Resources */ = {isa = PBXBuildFile; fileRef = BA1B54C616E04B9300C1AC6E /* LINEActivityIcon@2x.png */; };
		BA1B54CC16E04B9300C1AC6E /* LINEActivityIcon@2x~ipad.png in Resources */ = {isa = PBXBuildFile; fileRef = BA1B54C716E04B9300C1AC6E /* LINEActivityIcon@2x~ipad.png */; };
		BA1B54CD16E04B9300C1AC6E /* LINEActivityIcon~ipad.png in Resources */ = {isa = PBXBuildFile; fileRef = BA1B54C816E04B9300C1AC6E /* LINEActivityIcon~ipad.png */; };
		BA1B54D716E05B1300C1AC6E /* Tc32_Black.png in Resources */ = {isa = PBXBuildFile; fileRef = BA1B54D516E05B1300C1AC6E /* Tc32_Black.png */; };
		BA1B54D816E05B1300C1AC6E /* TCweiboicon32.png in Resources */ = {isa = PBXBuildFile; fileRef = BA1B54D616E05B1300C1AC6E /* TCweiboicon32.png */; };
		BA23901F16D73B85001E79AC /* magnifier.png in Resources */ = {isa = PBXBuildFile; fileRef = BA23901E16D73B85001E79AC /* magnifier.png */; };
		BA23902116D7682B001E79AC /* ChoosePhoto.png in Resources */ = {isa = PBXBuildFile; fileRef = BA23902016D7682B001E79AC /* ChoosePhoto.png */; };
		BA23902816D76EF8001E79AC /* Icon-72.png in Resources */ = {isa = PBXBuildFile; fileRef = BA23902216D76EF8001E79AC /* Icon-72.png */; };
		BA23902916D76EF8001E79AC /* Icon-Small-50.png in Resources */ = {isa = PBXBuildFile; fileRef = BA23902316D76EF8001E79AC /* Icon-Small-50.png */; };
		BA23902A16D76EF8001E79AC /* Icon-Small.png in Resources */ = {isa = PBXBuildFile; fileRef = BA23902416D76EF8001E79AC /* Icon-Small.png */; };
		BA23902B16D76EF8001E79AC /* Icon-Small@2x.png in Resources */ = {isa = PBXBuildFile; fileRef = BA23902516D76EF8001E79AC /* Icon-Small@2x.png */; };
		BA23902C16D76EF8001E79AC /* Icon.png in Resources */ = {isa = PBXBuildFile; fileRef = BA23902616D76EF8001E79AC /* Icon.png */; };
		BA23902D16D76EF8001E79AC /* Icon@2x.png in Resources */ = {isa = PBXBuildFile; fileRef = BA23902716D76EF8001E79AC /* Icon@2x.png */; };
		BA23902F16D76F02001E79AC /* iTunesArtwork in Resources */ = {isa = PBXBuildFile; fileRef = BA23902E16D76F02001E79AC /* iTunesArtwork */; };
		BA23903116D7708C001E79AC /* SaveButton.png in Resources */ = {isa = PBXBuildFile; fileRef = BA23903016D7708C001E79AC /* SaveButton.png */; };
		BA4DF9FA16DDF1C90065AB04 /* WebChat.png in Resources */ = {isa = PBXBuildFile; fileRef = BA4DF9F916DDF1C90065AB04 /* WebChat.png */; };
		BA66343B16DF0A9100F160CD /* libWeChatSDK_armv7_armv7s.a in Frameworks */ = {isa = PBXBuildFile; fileRef = BA66343A16DF0A9100F160CD /* libWeChatSDK_armv7_armv7s.a */; };
		BA66343D16DF15EE00F160CD /* History.png in Resources */ = {isa = PBXBuildFile; fileRef = BA66343C16DF15EE00F160CD /* History.png */; };
		BA66343F16DF15F400F160CD /* Favourite.png in Resources */ = {isa = PBXBuildFile; fileRef = BA66343E16DF15F400F160CD /* Favourite.png */; };
		BA7D5A5216DC5B2F005E21F7 /* InfColorBarPicker.m in Sources */ = {isa = PBXBuildFile; fileRef = BA7D5A4516DC5B2F005E21F7 /* InfColorBarPicker.m */; settings = {COMPILER_FLAGS = "-fno-objc-arc"; }; };
		BA7D5A5316DC5B2F005E21F7 /* InfColorIndicatorView.m in Sources */ = {isa = PBXBuildFile; fileRef = BA7D5A4716DC5B2F005E21F7 /* InfColorIndicatorView.m */; settings = {COMPILER_FLAGS = "-fno-objc-arc"; }; };
		BA7D5A5416DC5B2F005E21F7 /* InfColorPickerController.m in Sources */ = {isa = PBXBuildFile; fileRef = BA7D5A4A16DC5B2F005E21F7 /* InfColorPickerController.m */; settings = {COMPILER_FLAGS = "-fno-objc-arc"; }; };
		BA7D5A5516DC5B2F005E21F7 /* InfColorPickerView.xib in Resources */ = {isa = PBXBuildFile; fileRef = BA7D5A4B16DC5B2F005E21F7 /* InfColorPickerView.xib */; };
		BA7D5A5616DC5B2F005E21F7 /* InfColorSquarePicker.m in Sources */ = {isa = PBXBuildFile; fileRef = BA7D5A4D16DC5B2F005E21F7 /* InfColorSquarePicker.m */; settings = {COMPILER_FLAGS = "-fno-objc-arc"; }; };
		BA7D5A5716DC5B2F005E21F7 /* InfHSBSupport.m in Sources */ = {isa = PBXBuildFile; fileRef = BA7D5A4F16DC5B2F005E21F7 /* InfHSBSupport.m */; settings = {COMPILER_FLAGS = "-fno-objc-arc"; }; };
		BA7D5A5816DC5B2F005E21F7 /* InfSourceColorView.m in Sources */ = {isa = PBXBuildFile; fileRef = BA7D5A5116DC5B2F005E21F7 /* InfSourceColorView.m */; settings = {COMPILER_FLAGS = "-fno-objc-arc"; }; };
		BA7D5A5C16DC6420005E21F7 /* ColorPickerTabBarController.m in Sources */ = {isa = PBXBuildFile; fileRef = BA7D5A5B16DC6420005E21F7 /* ColorPickerTabBarController.m */; };
		BA7D5A5E16DC6782005E21F7 /* SystemConfiguration.framework in Frameworks */ = {isa = PBXBuildFile; fileRef = BA7D5A5D16DC6782005E21F7 /* SystemConfiguration.framework */; };
		BA7D5A6016DC678C005E21F7 /* AdSupport.framework in Frameworks */ = {isa = PBXBuildFile; fileRef = BA7D5A5F16DC678C005E21F7 /* AdSupport.framework */; };
		BA7D5A6216DC6797005E21F7 /* CoreLocation.framework in Frameworks */ = {isa = PBXBuildFile; fileRef = BA7D5A6116DC6797005E21F7 /* CoreLocation.framework */; };
		BA7D5A6416DC67A0005E21F7 /* StoreKit.framework in Frameworks */ = {isa = PBXBuildFile; fileRef = BA7D5A6316DC679F005E21F7 /* StoreKit.framework */; };
		BA7D5A6616DC67A9005E21F7 /* PassKit.framework in Frameworks */ = {isa = PBXBuildFile; fileRef = BA7D5A6516DC67A9005E21F7 /* PassKit.framework */; };
		BAD581A616DEF7ED0078A655 /* ColorPickerRootViewController.m in Sources */ = {isa = PBXBuildFile; fileRef = BAD581A516DEF7ED0078A655 /* ColorPickerRootViewController.m */; };
		BADB81E816D1D13D00005C86 /* UIKit.framework in Frameworks */ = {isa = PBXBuildFile; fileRef = BADB81E716D1D13D00005C86 /* UIKit.framework */; };
		BADB81EA16D1D13D00005C86 /* Foundation.framework in Frameworks */ = {isa = PBXBuildFile; fileRef = BADB81E916D1D13D00005C86 /* Foundation.framework */; };
		BADB81EC16D1D13D00005C86 /* CoreGraphics.framework in Frameworks */ = {isa = PBXBuildFile; fileRef = BADB81EB16D1D13D00005C86 /* CoreGraphics.framework */; };
		BADB81F216D1D13D00005C86 /* InfoPlist.strings in Resources */ = {isa = PBXBuildFile; fileRef = BADB81F016D1D13D00005C86 /* InfoPlist.strings */; };
		BADB81F416D1D13D00005C86 /* main.m in Sources */ = {isa = PBXBuildFile; fileRef = BADB81F316D1D13D00005C86 /* main.m */; };
		BADB81F816D1D13D00005C86 /* ColorPickerAppDelegate.m in Sources */ = {isa = PBXBuildFile; fileRef = BADB81F716D1D13D00005C86 /* ColorPickerAppDelegate.m */; };
		BADB81FA16D1D13D00005C86 /* Default.png in Resources */ = {isa = PBXBuildFile; fileRef = BADB81F916D1D13D00005C86 /* Default.png */; };
		BADB81FC16D1D13D00005C86 /* Default@2x.png in Resources */ = {isa = PBXBuildFile; fileRef = BADB81FB16D1D13D00005C86 /* Default@2x.png */; };
		BADB81FE16D1D13D00005C86 /* Default-568h@2x.png in Resources */ = {isa = PBXBuildFile; fileRef = BADB81FD16D1D13D00005C86 /* Default-568h@2x.png */; };
		BADB820116D1D13D00005C86 /* MainStoryboard_iPhone.storyboard in Resources */ = {isa = PBXBuildFile; fileRef = BADB81FF16D1D13D00005C86 /* MainStoryboard_iPhone.storyboard */; };
		BADB820416D1D13D00005C86 /* MainStoryboard_iPad.storyboard in Resources */ = {isa = PBXBuildFile; fileRef = BADB820216D1D13D00005C86 /* MainStoryboard_iPad.storyboard */; };
		BADB821316D1D6F200005C86 /* PickerInitViewController.m in Sources */ = {isa = PBXBuildFile; fileRef = BADB821216D1D6F200005C86 /* PickerInitViewController.m */; };
		BADB821716D1DA5600005C86 /* ColorPickerBaseViewController.m in Sources */ = {isa = PBXBuildFile; fileRef = BADB821616D1DA5600005C86 /* ColorPickerBaseViewController.m */; };
		BADB821A16D1DAE300005C86 /* LocalPicPicker.m in Sources */ = {isa = PBXBuildFile; fileRef = BADB821916D1DAE300005C86 /* LocalPicPicker.m */; };
		BADB821D16D1DB8F00005C86 /* WCAlertView.m in Sources */ = {isa = PBXBuildFile; fileRef = BADB821C16D1DB8F00005C86 /* WCAlertView.m */; };
		BADB822016D1DB9E00005C86 /* AlertViewManager.m in Sources */ = {isa = PBXBuildFile; fileRef = BADB821F16D1DB9E00005C86 /* AlertViewManager.m */; };
		BADB822316D1DBBE00005C86 /* TimerManager.m in Sources */ = {isa = PBXBuildFile; fileRef = BADB822216D1DBBD00005C86 /* TimerManager.m */; };
		BADB822716D213B600005C86 /* ImageChopperViewController.m in Sources */ = {isa = PBXBuildFile; fileRef = BADB822616D213B600005C86 /* ImageChopperViewController.m */; };
		BADB822916D3163A00005C86 /* ImageChopper.storyboard in Resources */ = {isa = PBXBuildFile; fileRef = BADB822816D3163A00005C86 /* ImageChopper.storyboard */; };
		BADB822F16D361CC00005C86 /* PickedImageVIew.m in Sources */ = {isa = PBXBuildFile; fileRef = BADB822E16D361CC00005C86 /* PickedImageVIew.m */; };
/* End PBXBuildFile section */

/* Begin PBXFileReference section */
		7E0E73AC16DE592000DBA37D /* AVFoundation.framework */ = {isa = PBXFileReference; lastKnownFileType = wrapper.framework; name = AVFoundation.framework; path = System/Library/Frameworks/AVFoundation.framework; sourceTree = SDKROOT; };
		7E0E73AE16DE593100DBA37D /* AudioToolbox.framework */ = {isa = PBXFileReference; lastKnownFileType = wrapper.framework; name = AudioToolbox.framework; path = System/Library/Frameworks/AudioToolbox.framework; sourceTree = SDKROOT; };
		7E0E73B016DE593B00DBA37D /* AddressBook.framework */ = {isa = PBXFileReference; lastKnownFileType = wrapper.framework; name = AddressBook.framework; path = System/Library/Frameworks/AddressBook.framework; sourceTree = SDKROOT; };
		7E0E73B216DE594800DBA37D /* CoreMedia.framework */ = {isa = PBXFileReference; lastKnownFileType = wrapper.framework; name = CoreMedia.framework; path = System/Library/Frameworks/CoreMedia.framework; sourceTree = SDKROOT; };
		7E0E73B416DE595000DBA37D /* CoreTelephony.framework */ = {isa = PBXFileReference; lastKnownFileType = wrapper.framework; name = CoreTelephony.framework; path = System/Library/Frameworks/CoreTelephony.framework; sourceTree = SDKROOT; };
		7E0E73B616DE595C00DBA37D /* EventKit.framework */ = {isa = PBXFileReference; lastKnownFileType = wrapper.framework; name = EventKit.framework; path = System/Library/Frameworks/EventKit.framework; sourceTree = SDKROOT; };
		7E0E73B816DE597400DBA37D /* QuartzCore.framework */ = {isa = PBXFileReference; lastKnownFileType = wrapper.framework; name = QuartzCore.framework; path = System/Library/Frameworks/QuartzCore.framework; sourceTree = SDKROOT; };
		7E8F818816D9056F0086258D /* libDomobAdSDK.a */ = {isa = PBXFileReference; lastKnownFileType = archive.ar; name = libDomobAdSDK.a; path = DomobAdSDK/libDomobAdSDK.a; sourceTree = "<group>"; };
		7E8F818B16D905930086258D /* DMAdView.h */ = {isa = PBXFileReference; fileEncoding = 4; lastKnownFileType = sourcecode.c.h; name = DMAdView.h; path = DomobAdSDK/DMAdView.h; sourceTree = SOURCE_ROOT; };
		7E8F818C16D905930086258D /* DMInterstitialAdController.h */ = {isa = PBXFileReference; fileEncoding = 4; lastKnownFileType = sourcecode.c.h; name = DMInterstitialAdController.h; path = DomobAdSDK/DMInterstitialAdController.h; sourceTree = SOURCE_ROOT; };
		7E8F818D16D905930086258D /* DMSplashAdController.h */ = {isa = PBXFileReference; fileEncoding = 4; lastKnownFileType = sourcecode.c.h; name = DMSplashAdController.h; path = DomobAdSDK/DMSplashAdController.h; sourceTree = SOURCE_ROOT; };
		7E8F818E16D905930086258D /* DMTools.h */ = {isa = PBXFileReference; fileEncoding = 4; lastKnownFileType = sourcecode.c.h; name = DMTools.h; path = DomobAdSDK/DMTools.h; sourceTree = SOURCE_ROOT; };
		7E8F818F16D9059D0086258D /* DomobAdSDKBundle.bundle */ = {isa = PBXFileReference; lastKnownFileType = "wrapper.plug-in"; name = DomobAdSDKBundle.bundle; path = DomobAdSDK/DomobAdSDKBundle/DomobAdSDKBundle.bundle; sourceTree = SOURCE_ROOT; };
		BA05DB7916D8579300F44750 /* CoreDataTableViewController.h */ = {isa = PBXFileReference; fileEncoding = 4; lastKnownFileType = sourcecode.c.h; path = CoreDataTableViewController.h; sourceTree = "<group>"; };
		BA05DB7A16D8579300F44750 /* CoreDataTableViewController.m */ = {isa = PBXFileReference; fileEncoding = 4; lastKnownFileType = sourcecode.c.objc; path = CoreDataTableViewController.m; sourceTree = "<group>"; };
		BA05DB7D16D85FD800F44750 /* ColorTable.xcdatamodel */ = {isa = PBXFileReference; lastKnownFileType = wrapper.xcdatamodel; path = ColorTable.xcdatamodel; sourceTree = "<group>"; };
		BA05DB8716D895D000F44750 /* CoreData.framework */ = {isa = PBXFileReference; lastKnownFileType = wrapper.framework; name = CoreData.framework; path = System/Library/Frameworks/CoreData.framework; sourceTree = SDKROOT; };
		BA05DB8916D895E700F44750 /* CoreFoundation.framework */ = {isa = PBXFileReference; lastKnownFileType = wrapper.framework; name = CoreFoundation.framework; path = System/Library/Frameworks/CoreFoundation.framework; sourceTree = SDKROOT; };
		BA05DB8B16D897E100F44750 /* TakePhoto.png */ = {isa = PBXFileReference; lastKnownFileType = image.png; path = TakePhoto.png; sourceTree = "<group>"; };
		BA05DB9016D89EFC00F44750 /* ColorHistoryTableViewController.h */ = {isa = PBXFileReference; fileEncoding = 4; lastKnownFileType = sourcecode.c.h; path = ColorHistoryTableViewController.h; sourceTree = "<group>"; };
		BA05DB9116D89EFC00F44750 /* ColorHistoryTableViewController.m */ = {isa = PBXFileReference; fileEncoding = 4; lastKnownFileType = sourcecode.c.objc; path = ColorHistoryTableViewController.m; sourceTree = "<group>"; };
		BA05DB9416D8AF6600F44750 /* ImageOperate.h */ = {isa = PBXFileReference; fileEncoding = 4; lastKnownFileType = sourcecode.c.h; path = ImageOperate.h; sourceTree = "<group>"; };
		BA05DB9516D8AF6600F44750 /* ImageOperate.m */ = {isa = PBXFileReference; fileEncoding = 4; lastKnownFileType = sourcecode.c.objc; path = ImageOperate.m; sourceTree = "<group>"; };
		BA05DB9B16D8B5CF00F44750 /* ColorsData+Operator.h */ = {isa = PBXFileReference; fileEncoding = 4; lastKnownFileType = sourcecode.c.h; path = "ColorsData+Operator.h"; sourceTree = "<group>"; };
		BA05DB9C16D8B5CF00F44750 /* ColorsData+Operator.m */ = {isa = PBXFileReference; fileEncoding = 4; lastKnownFileType = sourcecode.c.objc; path = "ColorsData+Operator.m"; sourceTree = "<group>"; };
		BA0C1D9616DC8D30000D534A /* ShareSend.storyboard */ = {isa = PBXFileReference; fileEncoding = 4; lastKnownFileType = file.storyboard; path = ShareSend.storyboard; sourceTree = "<group>"; };
		BA0C1D9816DC8D42000D534A /* ShareSendViewController.h */ = {isa = PBXFileReference; fileEncoding = 4; lastKnownFileType = sourcecode.c.h; path = ShareSendViewController.h; sourceTree = "<group>"; };
		BA0C1D9916DC8D42000D534A /* ShareSendViewController.m */ = {isa = PBXFileReference; fileEncoding = 4; lastKnownFileType = sourcecode.c.objc; path = ShareSendViewController.m; sourceTree = "<group>"; };
		BA0C1D9D16DC8DAA000D534A /* weibo32_Black.png */ = {isa = PBXFileReference; lastKnownFileType = image.png; path = weibo32_Black.png; sourceTree = "<group>"; };
		BA0C1D9E16DC8DAA000D534A /* weibo32.png */ = {isa = PBXFileReference; lastKnownFileType = image.png; path = weibo32.png; sourceTree = "<group>"; };
		BA0C1D9F16DC8DAA000D534A /* weibo64_Black.png */ = {isa = PBXFileReference; lastKnownFileType = image.png; path = weibo64_Black.png; sourceTree = "<group>"; };
		BA0C1DA016DC8DAA000D534A /* weibo64.png */ = {isa = PBXFileReference; lastKnownFileType = image.png; path = weibo64.png; sourceTree = "<group>"; };
		BA0C1DA716DC8DE2000D534A /* OauthViewController.h */ = {isa = PBXFileReference; fileEncoding = 4; lastKnownFileType = sourcecode.c.h; path = OauthViewController.h; sourceTree = "<group>"; };
		BA0C1DA816DC8DE2000D534A /* OauthViewController.m */ = {isa = PBXFileReference; fileEncoding = 4; lastKnownFileType = sourcecode.c.objc; path = OauthViewController.m; sourceTree = "<group>"; };
		BA0C1DAA16DC8E47000D534A /* UserTokenFileOperate.h */ = {isa = PBXFileReference; fileEncoding = 4; lastKnownFileType = sourcecode.c.h; path = UserTokenFileOperate.h; sourceTree = "<group>"; };
		BA0C1DAB16DC8E47000D534A /* UserTokenFileOperate.m */ = {isa = PBXFileReference; fileEncoding = 4; lastKnownFileType = sourcecode.c.objc; path = UserTokenFileOperate.m; sourceTree = "<group>"; };
		BA0C1DAD16DC8E83000D534A /* UserInfoPropertyList.plist */ = {isa = PBXFileReference; fileEncoding = 4; lastKnownFileType = text.plist.xml; path = UserInfoPropertyList.plist; sourceTree = "<group>"; };
		BA0C1DAF16DC8EA7000D534A /* UserOauthData.h */ = {isa = PBXFileReference; fileEncoding = 4; lastKnownFileType = sourcecode.c.h; path = UserOauthData.h; sourceTree = "<group>"; };
		BA0C1DB016DC8EA7000D534A /* UserOauthData.m */ = {isa = PBXFileReference; fileEncoding = 4; lastKnownFileType = sourcecode.c.objc; path = UserOauthData.m; sourceTree = "<group>"; };
		BA0C1DB216DC8F08000D534A /* OauthKey.h */ = {isa = PBXFileReference; fileEncoding = 4; lastKnownFileType = sourcecode.c.h; path = OauthKey.h; sourceTree = "<group>"; };
		BA0C1DB316DC8F08000D534A /* OauthKey.m */ = {isa = PBXFileReference; fileEncoding = 4; lastKnownFileType = sourcecode.c.objc; path = OauthKey.m; sourceTree = "<group>"; };
		BA0C1DB516DC9B03000D534A /* zh-Hans */ = {isa = PBXFileReference; lastKnownFileType = file.storyboard; name = "zh-Hans"; path = "zh-Hans.lproj/MainStoryboard_iPhone.storyboard"; sourceTree = "<group>"; };
		BA0C1DB616DC9B03000D534A /* zh-Hans */ = {isa = PBXFileReference; lastKnownFileType = file.storyboard; name = "zh-Hans"; path = "zh-Hans.lproj/MainStoryboard_iPad.storyboard"; sourceTree = "<group>"; };
		BA0C1DB716DC9B03000D534A /* zh-Hans */ = {isa = PBXFileReference; lastKnownFileType = text.plist.strings; name = "zh-Hans"; path = "zh-Hans.lproj/InfoPlist.strings"; sourceTree = "<group>"; };
		BA0C5F2616DB0B99001EB5DB /* Placeholder.png */ = {isa = PBXFileReference; lastKnownFileType = image.png; path = Placeholder.png; sourceTree = "<group>"; };
		BA0C5F2816DB0CB4001EB5DB /* ColorHistoryTableViewCell.h */ = {isa = PBXFileReference; fileEncoding = 4; lastKnownFileType = sourcecode.c.h; path = ColorHistoryTableViewCell.h; sourceTree = "<group>"; };
		BA0C5F2916DB0CB4001EB5DB /* ColorHistoryTableViewCell.m */ = {isa = PBXFileReference; fileEncoding = 4; lastKnownFileType = sourcecode.c.objc; path = ColorHistoryTableViewCell.m; sourceTree = "<group>"; };
		BA0C5F2B16DB0CCD001EB5DB /* ColorHistoryTableViewCell.xib */ = {isa = PBXFileReference; fileEncoding = 4; lastKnownFileType = file.xib; path = ColorHistoryTableViewCell.xib; sourceTree = "<group>"; };
		BA0C5F2E16DB31F9001EB5DB /* ColorsData.h */ = {isa = PBXFileReference; fileEncoding = 4; lastKnownFileType = sourcecode.c.h; path = ColorsData.h; sourceTree = "<group>"; };
		BA0C5F2F16DB31F9001EB5DB /* ColorsData.m */ = {isa = PBXFileReference; fileEncoding = 4; lastKnownFileType = sourcecode.c.objc; path = ColorsData.m; sourceTree = "<group>"; };
		BA0C5F3216DB3A00001EB5DB /* ColorHistoryTableViewController.storyboard */ = {isa = PBXFileReference; fileEncoding = 4; lastKnownFileType = file.storyboard; path = ColorHistoryTableViewController.storyboard; sourceTree = "<group>"; };
		BA0C5F3416DB3F4B001EB5DB /* AboutViewController.h */ = {isa = PBXFileReference; fileEncoding = 4; lastKnownFileType = sourcecode.c.h; path = AboutViewController.h; sourceTree = "<group>"; };
		BA0C5F3516DB3F4B001EB5DB /* AboutViewController.m */ = {isa = PBXFileReference; fileEncoding = 4; lastKnownFileType = sourcecode.c.objc; path = AboutViewController.m; sourceTree = "<group>"; };
		BA0C5F3716DB3FA2001EB5DB /* SMSAndMailManager.h */ = {isa = PBXFileReference; fileEncoding = 4; lastKnownFileType = sourcecode.c.h; path = SMSAndMailManager.h; sourceTree = "<group>"; };
		BA0C5F3816DB3FA2001EB5DB /* SMSAndMailManager.m */ = {isa = PBXFileReference; fileEncoding = 4; lastKnownFileType = sourcecode.c.objc; path = SMSAndMailManager.m; sourceTree = "<group>"; };
		BA0C5F3A16DB40B9001EB5DB /* MessageUI.framework */ = {isa = PBXFileReference; lastKnownFileType = wrapper.framework; name = MessageUI.framework; path = System/Library/Frameworks/MessageUI.framework; sourceTree = SDKROOT; };
		BA1B54BE16E0377700C1AC6E /* Social.framework */ = {isa = PBXFileReference; lastKnownFileType = wrapper.framework; name = Social.framework; path = System/Library/Frameworks/Social.framework; sourceTree = SDKROOT; };
		BA1B54C016E0390100C1AC6E /* Accounts.framework */ = {isa = PBXFileReference; lastKnownFileType = wrapper.framework; name = Accounts.framework; path = System/Library/Frameworks/Accounts.framework; sourceTree = SDKROOT; };
		BA1B54C316E04B9300C1AC6E /* LINEActivity.h */ = {isa = PBXFileReference; fileEncoding = 4; lastKnownFileType = sourcecode.c.h; path = LINEActivity.h; sourceTree = "<group>"; };
		BA1B54C416E04B9300C1AC6E /* LINEActivity.m */ = {isa = PBXFileReference; fileEncoding = 4; lastKnownFileType = sourcecode.c.objc; path = LINEActivity.m; sourceTree = "<group>"; };
		BA1B54C516E04B9300C1AC6E /* LINEActivityIcon.png */ = {isa = PBXFileReference; lastKnownFileType = image.png; path = LINEActivityIcon.png; sourceTree = "<group>"; };
		BA1B54C616E04B9300C1AC6E /* LINEActivityIcon@2x.png */ = {isa = PBXFileReference; lastKnownFileType = image.png; path = "LINEActivityIcon@2x.png"; sourceTree = "<group>"; };
		BA1B54C716E04B9300C1AC6E /* LINEActivityIcon@2x~ipad.png */ = {isa = PBXFileReference; lastKnownFileType = image.png; path = "LINEActivityIcon@2x~ipad.png"; sourceTree = "<group>"; };
		BA1B54C816E04B9300C1AC6E /* LINEActivityIcon~ipad.png */ = {isa = PBXFileReference; lastKnownFileType = image.png; path = "LINEActivityIcon~ipad.png"; sourceTree = "<group>"; };
		BA1B54D516E05B1300C1AC6E /* Tc32_Black.png */ = {isa = PBXFileReference; lastKnownFileType = image.png; path = Tc32_Black.png; sourceTree = "<group>"; };
		BA1B54D616E05B1300C1AC6E /* TCweiboicon32.png */ = {isa = PBXFileReference; lastKnownFileType = image.png; path = TCweiboicon32.png; sourceTree = "<group>"; };
		BA23901E16D73B85001E79AC /* magnifier.png */ = {isa = PBXFileReference; lastKnownFileType = image.png; path = magnifier.png; sourceTree = "<group>"; };
		BA23902016D7682B001E79AC /* ChoosePhoto.png */ = {isa = PBXFileReference; lastKnownFileType = image.png; path = ChoosePhoto.png; sourceTree = "<group>"; };
		BA23902216D76EF8001E79AC /* Icon-72.png */ = {isa = PBXFileReference; lastKnownFileType = image.png; path = "Icon-72.png"; sourceTree = "<group>"; };
		BA23902316D76EF8001E79AC /* Icon-Small-50.png */ = {isa = PBXFileReference; lastKnownFileType = image.png; path = "Icon-Small-50.png"; sourceTree = "<group>"; };
		BA23902416D76EF8001E79AC /* Icon-Small.png */ = {isa = PBXFileReference; lastKnownFileType = image.png; path = "Icon-Small.png"; sourceTree = "<group>"; };
		BA23902516D76EF8001E79AC /* Icon-Small@2x.png */ = {isa = PBXFileReference; lastKnownFileType = image.png; path = "Icon-Small@2x.png"; sourceTree = "<group>"; };
		BA23902616D76EF8001E79AC /* Icon.png */ = {isa = PBXFileReference; lastKnownFileType = image.png; path = Icon.png; sourceTree = "<group>"; };
		BA23902716D76EF8001E79AC /* Icon@2x.png */ = {isa = PBXFileReference; lastKnownFileType = image.png; path = "Icon@2x.png"; sourceTree = "<group>"; };
		BA23902E16D76F02001E79AC /* iTunesArtwork */ = {isa = PBXFileReference; lastKnownFileType = file; path = iTunesArtwork; sourceTree = "<group>"; };
		BA23903016D7708C001E79AC /* SaveButton.png */ = {isa = PBXFileReference; lastKnownFileType = image.png; path = SaveButton.png; sourceTree = "<group>"; };
		BA4DF9EF16DDE8C00065AB04 /* ja */ = {isa = PBXFileReference; lastKnownFileType = file.storyboard; name = ja; path = ja.lproj/MainStoryboard_iPhone.storyboard; sourceTree = "<group>"; };
		BA4DF9F016DDE8C00065AB04 /* ja */ = {isa = PBXFileReference; lastKnownFileType = file.storyboard; name = ja; path = ja.lproj/MainStoryboard_iPad.storyboard; sourceTree = "<group>"; };
		BA4DF9F116DDE8C00065AB04 /* ja */ = {isa = PBXFileReference; lastKnownFileType = text.plist.strings; name = ja; path = ja.lproj/InfoPlist.strings; sourceTree = "<group>"; };
		BA4DF9F516DDF0AA0065AB04 /* WXApi.h */ = {isa = PBXFileReference; fileEncoding = 4; lastKnownFileType = sourcecode.c.h; path = WXApi.h; sourceTree = "<group>"; };
		BA4DF9F616DDF0AA0065AB04 /* WXApiObject.h */ = {isa = PBXFileReference; fileEncoding = 4; lastKnownFileType = sourcecode.c.h; path = WXApiObject.h; sourceTree = "<group>"; };
		BA4DF9F916DDF1C90065AB04 /* WebChat.png */ = {isa = PBXFileReference; lastKnownFileType = image.png; path = WebChat.png; sourceTree = "<group>"; };
		BA66343A16DF0A9100F160CD /* libWeChatSDK_armv7_armv7s.a */ = {isa = PBXFileReference; lastKnownFileType = archive.ar; path = libWeChatSDK_armv7_armv7s.a; sourceTree = "<group>"; };
		BA66343C16DF15EE00F160CD /* History.png */ = {isa = PBXFileReference; lastKnownFileType = image.png; path = History.png; sourceTree = "<group>"; };
		BA66343E16DF15F400F160CD /* Favourite.png */ = {isa = PBXFileReference; lastKnownFileType = image.png; path = Favourite.png; sourceTree = "<group>"; };
		BA7D5A4416DC5B2F005E21F7 /* InfColorBarPicker.h */ = {isa = PBXFileReference; fileEncoding = 4; lastKnownFileType = sourcecode.c.h; path = InfColorBarPicker.h; sourceTree = "<group>"; };
		BA7D5A4516DC5B2F005E21F7 /* InfColorBarPicker.m */ = {isa = PBXFileReference; fileEncoding = 4; lastKnownFileType = sourcecode.c.objc; path = InfColorBarPicker.m; sourceTree = "<group>"; };
		BA7D5A4616DC5B2F005E21F7 /* InfColorIndicatorView.h */ = {isa = PBXFileReference; fileEncoding = 4; lastKnownFileType = sourcecode.c.h; path = InfColorIndicatorView.h; sourceTree = "<group>"; };
		BA7D5A4716DC5B2F005E21F7 /* InfColorIndicatorView.m */ = {isa = PBXFileReference; fileEncoding = 4; lastKnownFileType = sourcecode.c.objc; path = InfColorIndicatorView.m; sourceTree = "<group>"; };
		BA7D5A4816DC5B2F005E21F7 /* InfColorPicker.h */ = {isa = PBXFileReference; fileEncoding = 4; lastKnownFileType = sourcecode.c.h; path = InfColorPicker.h; sourceTree = "<group>"; };
		BA7D5A4916DC5B2F005E21F7 /* InfColorPickerController.h */ = {isa = PBXFileReference; fileEncoding = 4; lastKnownFileType = sourcecode.c.h; path = InfColorPickerController.h; sourceTree = "<group>"; };
		BA7D5A4A16DC5B2F005E21F7 /* InfColorPickerController.m */ = {isa = PBXFileReference; fileEncoding = 4; lastKnownFileType = sourcecode.c.objc; path = InfColorPickerController.m; sourceTree = "<group>"; };
		BA7D5A4B16DC5B2F005E21F7 /* InfColorPickerView.xib */ = {isa = PBXFileReference; fileEncoding = 4; lastKnownFileType = file.xib; path = InfColorPickerView.xib; sourceTree = "<group>"; };
		BA7D5A4C16DC5B2F005E21F7 /* InfColorSquarePicker.h */ = {isa = PBXFileReference; fileEncoding = 4; lastKnownFileType = sourcecode.c.h; path = InfColorSquarePicker.h; sourceTree = "<group>"; };
		BA7D5A4D16DC5B2F005E21F7 /* InfColorSquarePicker.m */ = {isa = PBXFileReference; fileEncoding = 4; lastKnownFileType = sourcecode.c.objc; path = InfColorSquarePicker.m; sourceTree = "<group>"; };
		BA7D5A4E16DC5B2F005E21F7 /* InfHSBSupport.h */ = {isa = PBXFileReference; fileEncoding = 4; lastKnownFileType = sourcecode.c.h; path = InfHSBSupport.h; sourceTree = "<group>"; };
		BA7D5A4F16DC5B2F005E21F7 /* InfHSBSupport.m */ = {isa = PBXFileReference; fileEncoding = 4; lastKnownFileType = sourcecode.c.objc; path = InfHSBSupport.m; sourceTree = "<group>"; };
		BA7D5A5016DC5B2F005E21F7 /* InfSourceColorView.h */ = {isa = PBXFileReference; fileEncoding = 4; lastKnownFileType = sourcecode.c.h; path = InfSourceColorView.h; sourceTree = "<group>"; };
		BA7D5A5116DC5B2F005E21F7 /* InfSourceColorView.m */ = {isa = PBXFileReference; fileEncoding = 4; lastKnownFileType = sourcecode.c.objc; path = InfSourceColorView.m; sourceTree = "<group>"; };
		BA7D5A5A16DC6420005E21F7 /* ColorPickerTabBarController.h */ = {isa = PBXFileReference; fileEncoding = 4; lastKnownFileType = sourcecode.c.h; path = ColorPickerTabBarController.h; sourceTree = "<group>"; };
		BA7D5A5B16DC6420005E21F7 /* ColorPickerTabBarController.m */ = {isa = PBXFileReference; fileEncoding = 4; lastKnownFileType = sourcecode.c.objc; path = ColorPickerTabBarController.m; sourceTree = "<group>"; };
		BA7D5A5D16DC6782005E21F7 /* SystemConfiguration.framework */ = {isa = PBXFileReference; lastKnownFileType = wrapper.framework; name = SystemConfiguration.framework; path = System/Library/Frameworks/SystemConfiguration.framework; sourceTree = SDKROOT; };
		BA7D5A5F16DC678C005E21F7 /* AdSupport.framework */ = {isa = PBXFileReference; lastKnownFileType = wrapper.framework; name = AdSupport.framework; path = System/Library/Frameworks/AdSupport.framework; sourceTree = SDKROOT; };
		BA7D5A6116DC6797005E21F7 /* CoreLocation.framework */ = {isa = PBXFileReference; lastKnownFileType = wrapper.framework; name = CoreLocation.framework; path = System/Library/Frameworks/CoreLocation.framework; sourceTree = SDKROOT; };
		BA7D5A6316DC679F005E21F7 /* StoreKit.framework */ = {isa = PBXFileReference; lastKnownFileType = wrapper.framework; name = StoreKit.framework; path = System/Library/Frameworks/StoreKit.framework; sourceTree = SDKROOT; };
		BA7D5A6516DC67A9005E21F7 /* PassKit.framework */ = {isa = PBXFileReference; lastKnownFileType = wrapper.framework; name = PassKit.framework; path = System/Library/Frameworks/PassKit.framework; sourceTree = SDKROOT; };
		BAD581A416DEF7ED0078A655 /* ColorPickerRootViewController.h */ = {isa = PBXFileReference; fileEncoding = 4; lastKnownFileType = sourcecode.c.h; path = ColorPickerRootViewController.h; sourceTree = "<group>"; };
		BAD581A516DEF7ED0078A655 /* ColorPickerRootViewController.m */ = {isa = PBXFileReference; fileEncoding = 4; lastKnownFileType = sourcecode.c.objc; path = ColorPickerRootViewController.m; sourceTree = "<group>"; };
		BADB81E416D1D13D00005C86 /* ColorPicker.app */ = {isa = PBXFileReference; explicitFileType = wrapper.application; includeInIndex = 0; path = ColorPicker.app; sourceTree = BUILT_PRODUCTS_DIR; };
		BADB81E716D1D13D00005C86 /* UIKit.framework */ = {isa = PBXFileReference; lastKnownFileType = wrapper.framework; name = UIKit.framework; path = System/Library/Frameworks/UIKit.framework; sourceTree = SDKROOT; };
		BADB81E916D1D13D00005C86 /* Foundation.framework */ = {isa = PBXFileReference; lastKnownFileType = wrapper.framework; name = Foundation.framework; path = System/Library/Frameworks/Foundation.framework; sourceTree = SDKROOT; };
		BADB81EB16D1D13D00005C86 /* CoreGraphics.framework */ = {isa = PBXFileReference; lastKnownFileType = wrapper.framework; name = CoreGraphics.framework; path = System/Library/Frameworks/CoreGraphics.framework; sourceTree = SDKROOT; };
		BADB81EF16D1D13D00005C86 /* ColorPicker-Info.plist */ = {isa = PBXFileReference; lastKnownFileType = text.plist.xml; path = "ColorPicker-Info.plist"; sourceTree = "<group>"; };
		BADB81F116D1D13D00005C86 /* en */ = {isa = PBXFileReference; lastKnownFileType = text.plist.strings; name = en; path = en.lproj/InfoPlist.strings; sourceTree = "<group>"; };
		BADB81F316D1D13D00005C86 /* main.m */ = {isa = PBXFileReference; lastKnownFileType = sourcecode.c.objc; path = main.m; sourceTree = "<group>"; };
		BADB81F516D1D13D00005C86 /* ColorPicker-Prefix.pch */ = {isa = PBXFileReference; lastKnownFileType = sourcecode.c.h; path = "ColorPicker-Prefix.pch"; sourceTree = "<group>"; };
		BADB81F616D1D13D00005C86 /* ColorPickerAppDelegate.h */ = {isa = PBXFileReference; lastKnownFileType = sourcecode.c.h; path = ColorPickerAppDelegate.h; sourceTree = "<group>"; };
		BADB81F716D1D13D00005C86 /* ColorPickerAppDelegate.m */ = {isa = PBXFileReference; lastKnownFileType = sourcecode.c.objc; path = ColorPickerAppDelegate.m; sourceTree = "<group>"; };
		BADB81F916D1D13D00005C86 /* Default.png */ = {isa = PBXFileReference; lastKnownFileType = image.png; path = Default.png; sourceTree = "<group>"; };
		BADB81FB16D1D13D00005C86 /* Default@2x.png */ = {isa = PBXFileReference; lastKnownFileType = image.png; path = "Default@2x.png"; sourceTree = "<group>"; };
		BADB81FD16D1D13D00005C86 /* Default-568h@2x.png */ = {isa = PBXFileReference; lastKnownFileType = image.png; path = "Default-568h@2x.png"; sourceTree = "<group>"; };
		BADB820016D1D13D00005C86 /* en */ = {isa = PBXFileReference; lastKnownFileType = file.storyboard; name = en; path = en.lproj/MainStoryboard_iPhone.storyboard; sourceTree = "<group>"; };
		BADB820316D1D13D00005C86 /* en */ = {isa = PBXFileReference; lastKnownFileType = file.storyboard; name = en; path = en.lproj/MainStoryboard_iPad.storyboard; sourceTree = "<group>"; };
		BADB821116D1D6F200005C86 /* PickerInitViewController.h */ = {isa = PBXFileReference; fileEncoding = 4; lastKnownFileType = sourcecode.c.h; path = PickerInitViewController.h; sourceTree = "<group>"; };
		BADB821216D1D6F200005C86 /* PickerInitViewController.m */ = {isa = PBXFileReference; fileEncoding = 4; lastKnownFileType = sourcecode.c.objc; path = PickerInitViewController.m; sourceTree = "<group>"; };
		BADB821516D1DA5600005C86 /* ColorPickerBaseViewController.h */ = {isa = PBXFileReference; fileEncoding = 4; lastKnownFileType = sourcecode.c.h; path = ColorPickerBaseViewController.h; sourceTree = "<group>"; };
		BADB821616D1DA5600005C86 /* ColorPickerBaseViewController.m */ = {isa = PBXFileReference; fileEncoding = 4; lastKnownFileType = sourcecode.c.objc; path = ColorPickerBaseViewController.m; sourceTree = "<group>"; };
		BADB821816D1DAE300005C86 /* LocalPicPicker.h */ = {isa = PBXFileReference; fileEncoding = 4; lastKnownFileType = sourcecode.c.h; path = LocalPicPicker.h; sourceTree = "<group>"; };
		BADB821916D1DAE300005C86 /* LocalPicPicker.m */ = {isa = PBXFileReference; fileEncoding = 4; lastKnownFileType = sourcecode.c.objc; path = LocalPicPicker.m; sourceTree = "<group>"; };
		BADB821B16D1DB8F00005C86 /* WCAlertView.h */ = {isa = PBXFileReference; fileEncoding = 4; lastKnownFileType = sourcecode.c.h; path = WCAlertView.h; sourceTree = "<group>"; };
		BADB821C16D1DB8F00005C86 /* WCAlertView.m */ = {isa = PBXFileReference; fileEncoding = 4; lastKnownFileType = sourcecode.c.objc; path = WCAlertView.m; sourceTree = "<group>"; };
		BADB821E16D1DB9E00005C86 /* AlertViewManager.h */ = {isa = PBXFileReference; fileEncoding = 4; lastKnownFileType = sourcecode.c.h; path = AlertViewManager.h; sourceTree = "<group>"; };
		BADB821F16D1DB9E00005C86 /* AlertViewManager.m */ = {isa = PBXFileReference; fileEncoding = 4; lastKnownFileType = sourcecode.c.objc; path = AlertViewManager.m; sourceTree = "<group>"; };
		BADB822116D1DBBD00005C86 /* TimerManager.h */ = {isa = PBXFileReference; fileEncoding = 4; lastKnownFileType = sourcecode.c.h; path = TimerManager.h; sourceTree = "<group>"; };
		BADB822216D1DBBD00005C86 /* TimerManager.m */ = {isa = PBXFileReference; fileEncoding = 4; lastKnownFileType = sourcecode.c.objc; path = TimerManager.m; sourceTree = "<group>"; };
		BADB822516D213B600005C86 /* ImageChopperViewController.h */ = {isa = PBXFileReference; fileEncoding = 4; lastKnownFileType = sourcecode.c.h; path = ImageChopperViewController.h; sourceTree = "<group>"; };
		BADB822616D213B600005C86 /* ImageChopperViewController.m */ = {isa = PBXFileReference; fileEncoding = 4; lastKnownFileType = sourcecode.c.objc; path = ImageChopperViewController.m; sourceTree = "<group>"; };
		BADB822816D3163A00005C86 /* ImageChopper.storyboard */ = {isa = PBXFileReference; fileEncoding = 4; lastKnownFileType = file.storyboard; path = ImageChopper.storyboard; sourceTree = "<group>"; };
		BADB822D16D361CC00005C86 /* PickedImageVIew.h */ = {isa = PBXFileReference; fileEncoding = 4; lastKnownFileType = sourcecode.c.h; path = PickedImageVIew.h; sourceTree = "<group>"; };
		BADB822E16D361CC00005C86 /* PickedImageVIew.m */ = {isa = PBXFileReference; fileEncoding = 4; lastKnownFileType = sourcecode.c.objc; path = PickedImageVIew.m; sourceTree = "<group>"; };
/* End PBXFileReference section */

/* Begin PBXFrameworksBuildPhase section */
		BADB81E116D1D13D00005C86 /* Frameworks */ = {
			isa = PBXFrameworksBuildPhase;
			buildActionMask = 2147483647;
			files = (
				BA1B54C116E0390100C1AC6E /* Accounts.framework in Frameworks */,
				BA1B54BF16E0377700C1AC6E /* Social.framework in Frameworks */,
				7E0E73B916DE597400DBA37D /* QuartzCore.framework in Frameworks */,
				7E0E73B716DE595C00DBA37D /* EventKit.framework in Frameworks */,
				7E0E73B516DE595000DBA37D /* CoreTelephony.framework in Frameworks */,
				7E0E73B316DE594800DBA37D /* CoreMedia.framework in Frameworks */,
				7E0E73B116DE593B00DBA37D /* AddressBook.framework in Frameworks */,
				7E0E73AF16DE593100DBA37D /* AudioToolbox.framework in Frameworks */,
				7E0E73AD16DE592000DBA37D /* AVFoundation.framework in Frameworks */,
				BA7D5A6616DC67A9005E21F7 /* PassKit.framework in Frameworks */,
				BA7D5A6416DC67A0005E21F7 /* StoreKit.framework in Frameworks */,
				BA7D5A6216DC6797005E21F7 /* CoreLocation.framework in Frameworks */,
				BA7D5A6016DC678C005E21F7 /* AdSupport.framework in Frameworks */,
				BA7D5A5E16DC6782005E21F7 /* SystemConfiguration.framework in Frameworks */,
				BA0C5F3B16DB40BA001EB5DB /* MessageUI.framework in Frameworks */,
				BA05DB8816D895D000F44750 /* CoreData.framework in Frameworks */,
				BADB81E816D1D13D00005C86 /* UIKit.framework in Frameworks */,
				BADB81EA16D1D13D00005C86 /* Foundation.framework in Frameworks */,
				BADB81EC16D1D13D00005C86 /* CoreGraphics.framework in Frameworks */,
				7E8F818916D9056F0086258D /* libDomobAdSDK.a in Frameworks */,
				BA66343B16DF0A9100F160CD /* libWeChatSDK_armv7_armv7s.a in Frameworks */,
			);
			runOnlyForDeploymentPostprocessing = 0;
		};
/* End PBXFrameworksBuildPhase section */

/* Begin PBXGroup section */
		7E8F818A16D9057E0086258D /* AdSDK */ = {
			isa = PBXGroup;
			children = (
				7E8F818F16D9059D0086258D /* DomobAdSDKBundle.bundle */,
				7E8F818B16D905930086258D /* DMAdView.h */,
				7E8F818C16D905930086258D /* DMInterstitialAdController.h */,
				7E8F818D16D905930086258D /* DMSplashAdController.h */,
				7E8F818E16D905930086258D /* DMTools.h */,
			);
			name = AdSDK;
			sourceTree = "<group>";
		};
		BA05DB7F16D86FE400F44750 /* Data */ = {
			isa = PBXGroup;
			children = (
				BA0C5F2E16DB31F9001EB5DB /* ColorsData.h */,
				BA0C5F2F16DB31F9001EB5DB /* ColorsData.m */,
				BA0C1DAF16DC8EA7000D534A /* UserOauthData.h */,
				BA0C1DB016DC8EA7000D534A /* UserOauthData.m */,
			);
			name = Data;
			sourceTree = "<group>";
		};
		BA05DB9316D8A8E000F44750 /* Business */ = {
			isa = PBXGroup;
			children = (
				BA05DB9B16D8B5CF00F44750 /* ColorsData+Operator.h */,
				BA05DB9C16D8B5CF00F44750 /* ColorsData+Operator.m */,
			);
			name = Business;
			sourceTree = "<group>";
		};
		BA1B54C216E04B9300C1AC6E /* LINEActivity */ = {
			isa = PBXGroup;
			children = (
				BA1B54C316E04B9300C1AC6E /* LINEActivity.h */,
				BA1B54C416E04B9300C1AC6E /* LINEActivity.m */,
				BA1B54C516E04B9300C1AC6E /* LINEActivityIcon.png */,
				BA1B54C616E04B9300C1AC6E /* LINEActivityIcon@2x.png */,
				BA1B54C716E04B9300C1AC6E /* LINEActivityIcon@2x~ipad.png */,
				BA1B54C816E04B9300C1AC6E /* LINEActivityIcon~ipad.png */,
			);
			path = LINEActivity;
			sourceTree = "<group>";
		};
		BA4DF9F216DDF0930065AB04 /* WebChat */ = {
			isa = PBXGroup;
			children = (
				BA66343A16DF0A9100F160CD /* libWeChatSDK_armv7_armv7s.a */,
				BA4DF9F516DDF0AA0065AB04 /* WXApi.h */,
				BA4DF9F616DDF0AA0065AB04 /* WXApiObject.h */,
			);
			name = WebChat;
			sourceTree = "<group>";
		};
		BA7D5A4316DC5B2F005E21F7 /* InfColorPicker */ = {
			isa = PBXGroup;
			children = (
				BA7D5A4416DC5B2F005E21F7 /* InfColorBarPicker.h */,
				BA7D5A4516DC5B2F005E21F7 /* InfColorBarPicker.m */,
				BA7D5A4616DC5B2F005E21F7 /* InfColorIndicatorView.h */,
				BA7D5A4716DC5B2F005E21F7 /* InfColorIndicatorView.m */,
				BA7D5A4816DC5B2F005E21F7 /* InfColorPicker.h */,
				BA7D5A4916DC5B2F005E21F7 /* InfColorPickerController.h */,
				BA7D5A4A16DC5B2F005E21F7 /* InfColorPickerController.m */,
				BA7D5A4B16DC5B2F005E21F7 /* InfColorPickerView.xib */,
				BA7D5A4C16DC5B2F005E21F7 /* InfColorSquarePicker.h */,
				BA7D5A4D16DC5B2F005E21F7 /* InfColorSquarePicker.m */,
				BA7D5A4E16DC5B2F005E21F7 /* InfHSBSupport.h */,
				BA7D5A4F16DC5B2F005E21F7 /* InfHSBSupport.m */,
				BA7D5A5016DC5B2F005E21F7 /* InfSourceColorView.h */,
				BA7D5A5116DC5B2F005E21F7 /* InfSourceColorView.m */,
			);
			path = InfColorPicker;
			sourceTree = "<group>";
		};
		BADB81DB16D1D13D00005C86 = {
			isa = PBXGroup;
			children = (
				BADB81ED16D1D13D00005C86 /* ColorPicker */,
				BADB81E616D1D13D00005C86 /* Frameworks */,
				BADB81E516D1D13D00005C86 /* Products */,
			);
			sourceTree = "<group>";
		};
		BADB81E516D1D13D00005C86 /* Products */ = {
			isa = PBXGroup;
			children = (
				BADB81E416D1D13D00005C86 /* ColorPicker.app */,
			);
			name = Products;
			sourceTree = "<group>";
		};
		BADB81E616D1D13D00005C86 /* Frameworks */ = {
			isa = PBXGroup;
			children = (
				BA1B54C016E0390100C1AC6E /* Accounts.framework */,
				BA1B54BE16E0377700C1AC6E /* Social.framework */,
				7E0E73B816DE597400DBA37D /* QuartzCore.framework */,
				7E0E73B616DE595C00DBA37D /* EventKit.framework */,
				7E0E73B416DE595000DBA37D /* CoreTelephony.framework */,
				7E0E73B216DE594800DBA37D /* CoreMedia.framework */,
				7E0E73B016DE593B00DBA37D /* AddressBook.framework */,
				7E0E73AE16DE593100DBA37D /* AudioToolbox.framework */,
				7E0E73AC16DE592000DBA37D /* AVFoundation.framework */,
				BA7D5A6516DC67A9005E21F7 /* PassKit.framework */,
				BA7D5A6316DC679F005E21F7 /* StoreKit.framework */,
				BA7D5A6116DC6797005E21F7 /* CoreLocation.framework */,
				BA7D5A5F16DC678C005E21F7 /* AdSupport.framework */,
				BA7D5A5D16DC6782005E21F7 /* SystemConfiguration.framework */,
				BA0C5F3A16DB40B9001EB5DB /* MessageUI.framework */,
				7E8F818816D9056F0086258D /* libDomobAdSDK.a */,
				BA05DB8916D895E700F44750 /* CoreFoundation.framework */,
				BA05DB8716D895D000F44750 /* CoreData.framework */,
				BADB81E716D1D13D00005C86 /* UIKit.framework */,
				BADB81E916D1D13D00005C86 /* Foundation.framework */,
				BADB81EB16D1D13D00005C86 /* CoreGraphics.framework */,
			);
			name = Frameworks;
			sourceTree = "<group>";
		};
		BADB81ED16D1D13D00005C86 /* ColorPicker */ = {
			isa = PBXGroup;
			children = (
				BA05DB7F16D86FE400F44750 /* Data */,
				BA05DB9316D8A8E000F44750 /* Business */,
				BADB821016D1D6BF00005C86 /* Views */,
				BADB820F16D1D6B400005C86 /* Controllers */,
				BADB820E16D1D68E00005C86 /* Tools */,
				BADB821416D1DA3800005C86 /* BaseClass */,
				BADB81EE16D1D13D00005C86 /* Supporting Files */,
			);
			path = ColorPicker;
			sourceTree = "<group>";
		};
		BADB81EE16D1D13D00005C86 /* Supporting Files */ = {
			isa = PBXGroup;
			children = (
				BADB820D16D1D66D00005C86 /* Resources */,
				BADB81F316D1D13D00005C86 /* main.m */,
				BADB81F516D1D13D00005C86 /* ColorPicker-Prefix.pch */,
			);
			name = "Supporting Files";
			sourceTree = "<group>";
		};
		BADB820D16D1D66D00005C86 /* Resources */ = {
			isa = PBXGroup;
			children = (
				BA66343E16DF15F400F160CD /* Favourite.png */,
				BA66343C16DF15EE00F160CD /* History.png */,
				BA4DF9F916DDF1C90065AB04 /* WebChat.png */,
				BA1B54D516E05B1300C1AC6E /* Tc32_Black.png */,
				BA1B54D616E05B1300C1AC6E /* TCweiboicon32.png */,
				BA0C1DAD16DC8E83000D534A /* UserInfoPropertyList.plist */,
				BA0C1D9D16DC8DAA000D534A /* weibo32_Black.png */,
				BA0C1D9E16DC8DAA000D534A /* weibo32.png */,
				BA0C1D9F16DC8DAA000D534A /* weibo64_Black.png */,
				BA0C1DA016DC8DAA000D534A /* weibo64.png */,
				BA0C5F2616DB0B99001EB5DB /* Placeholder.png */,
				BA05DB8B16D897E100F44750 /* TakePhoto.png */,
				BA23903016D7708C001E79AC /* SaveButton.png */,
				BA23902E16D76F02001E79AC /* iTunesArtwork */,
				BA23902216D76EF8001E79AC /* Icon-72.png */,
				BA23902316D76EF8001E79AC /* Icon-Small-50.png */,
				BA23902416D76EF8001E79AC /* Icon-Small.png */,
				BA23902516D76EF8001E79AC /* Icon-Small@2x.png */,
				BA23902616D76EF8001E79AC /* Icon.png */,
				BA23902716D76EF8001E79AC /* Icon@2x.png */,
				BA23901E16D73B85001E79AC /* magnifier.png */,
				BA23902016D7682B001E79AC /* ChoosePhoto.png */,
				BADB81EF16D1D13D00005C86 /* ColorPicker-Info.plist */,
				BADB81F016D1D13D00005C86 /* InfoPlist.strings */,
				BADB81F916D1D13D00005C86 /* Default.png */,
				BADB81FB16D1D13D00005C86 /* Default@2x.png */,
				BADB81FD16D1D13D00005C86 /* Default-568h@2x.png */,
				BA05DB7C16D85FD800F44750 /* ColorTable.xcdatamodeld */,
			);
			name = Resources;
			sourceTree = "<group>";
		};
		BADB820E16D1D68E00005C86 /* Tools */ = {
			isa = PBXGroup;
			children = (
				BA1B54C216E04B9300C1AC6E /* LINEActivity */,
				BA4DF9F216DDF0930065AB04 /* WebChat */,
				BA7D5A4316DC5B2F005E21F7 /* InfColorPicker */,
				7E8F818A16D9057E0086258D /* AdSDK */,
				BA05DB7916D8579300F44750 /* CoreDataTableViewController.h */,
				BA05DB7A16D8579300F44750 /* CoreDataTableViewController.m */,
				BADB821816D1DAE300005C86 /* LocalPicPicker.h */,
				BADB821916D1DAE300005C86 /* LocalPicPicker.m */,
				BADB821B16D1DB8F00005C86 /* WCAlertView.h */,
				BADB821C16D1DB8F00005C86 /* WCAlertView.m */,
				BADB821E16D1DB9E00005C86 /* AlertViewManager.h */,
				BADB821F16D1DB9E00005C86 /* AlertViewManager.m */,
				BADB822116D1DBBD00005C86 /* TimerManager.h */,
				BADB822216D1DBBD00005C86 /* TimerManager.m */,
				BA05DB9416D8AF6600F44750 /* ImageOperate.h */,
				BA05DB9516D8AF6600F44750 /* ImageOperate.m */,
				BA0C5F3716DB3FA2001EB5DB /* SMSAndMailManager.h */,
				BA0C5F3816DB3FA2001EB5DB /* SMSAndMailManager.m */,
				BA0C1DAA16DC8E47000D534A /* UserTokenFileOperate.h */,
				BA0C1DAB16DC8E47000D534A /* UserTokenFileOperate.m */,
				BA0C1DB216DC8F08000D534A /* OauthKey.h */,
				BA0C1DB316DC8F08000D534A /* OauthKey.m */,
			);
			name = Tools;
			sourceTree = "<group>";
		};
		BADB820F16D1D6B400005C86 /* Controllers */ = {
			isa = PBXGroup;
			children = (
				BAD581A416DEF7ED0078A655 /* ColorPickerRootViewController.h */,
				BAD581A516DEF7ED0078A655 /* ColorPickerRootViewController.m */,
				BA7D5A5A16DC6420005E21F7 /* ColorPickerTabBarController.h */,
				BA7D5A5B16DC6420005E21F7 /* ColorPickerTabBarController.m */,
				BADB821116D1D6F200005C86 /* PickerInitViewController.h */,
				BADB821216D1D6F200005C86 /* PickerInitViewController.m */,
				BADB822516D213B600005C86 /* ImageChopperViewController.h */,
				BADB822616D213B600005C86 /* ImageChopperViewController.m */,
				BADB822D16D361CC00005C86 /* PickedImageVIew.h */,
				BADB822E16D361CC00005C86 /* PickedImageVIew.m */,
				BA05DB9016D89EFC00F44750 /* ColorHistoryTableViewController.h */,
				BA05DB9116D89EFC00F44750 /* ColorHistoryTableViewController.m */,
				BA0C5F2816DB0CB4001EB5DB /* ColorHistoryTableViewCell.h */,
				BA0C5F2916DB0CB4001EB5DB /* ColorHistoryTableViewCell.m */,
				BA0C5F3416DB3F4B001EB5DB /* AboutViewController.h */,
				BA0C5F3516DB3F4B001EB5DB /* AboutViewController.m */,
				BA0C1D9816DC8D42000D534A /* ShareSendViewController.h */,
				BA0C1D9916DC8D42000D534A /* ShareSendViewController.m */,
				BA0C1DA716DC8DE2000D534A /* OauthViewController.h */,
				BA0C1DA816DC8DE2000D534A /* OauthViewController.m */,
			);
			name = Controllers;
			sourceTree = "<group>";
		};
		BADB821016D1D6BF00005C86 /* Views */ = {
			isa = PBXGroup;
			children = (
				BADB81FF16D1D13D00005C86 /* MainStoryboard_iPhone.storyboard */,
				BADB820216D1D13D00005C86 /* MainStoryboard_iPad.storyboard */,
				BADB822816D3163A00005C86 /* ImageChopper.storyboard */,
				BA0C5F3216DB3A00001EB5DB /* ColorHistoryTableViewController.storyboard */,
				BA0C5F2B16DB0CCD001EB5DB /* ColorHistoryTableViewCell.xib */,
				BA0C1D9616DC8D30000D534A /* ShareSend.storyboard */,
			);
			name = Views;
			sourceTree = "<group>";
		};
		BADB821416D1DA3800005C86 /* BaseClass */ = {
			isa = PBXGroup;
			children = (
				BADB81F616D1D13D00005C86 /* ColorPickerAppDelegate.h */,
				BADB81F716D1D13D00005C86 /* ColorPickerAppDelegate.m */,
				BADB821516D1DA5600005C86 /* ColorPickerBaseViewController.h */,
				BADB821616D1DA5600005C86 /* ColorPickerBaseViewController.m */,
			);
			name = BaseClass;
			sourceTree = "<group>";
		};
/* End PBXGroup section */

/* Begin PBXNativeTarget section */
		BADB81E316D1D13D00005C86 /* ColorPicker */ = {
			isa = PBXNativeTarget;
			buildConfigurationList = BADB820A16D1D13D00005C86 /* Build configuration list for PBXNativeTarget "ColorPicker" */;
			buildPhases = (
				BADB81E016D1D13D00005C86 /* Sources */,
				BADB81E116D1D13D00005C86 /* Frameworks */,
				BADB81E216D1D13D00005C86 /* Resources */,
			);
			buildRules = (
			);
			dependencies = (
			);
			name = ColorPicker;
			productName = ColorPicker;
			productReference = BADB81E416D1D13D00005C86 /* ColorPicker.app */;
			productType = "com.apple.product-type.application";
		};
/* End PBXNativeTarget section */

/* Begin PBXProject section */
		BADB81DC16D1D13D00005C86 /* Project object */ = {
			isa = PBXProject;
			attributes = {
				CLASSPREFIX = ColorPicker;
				LastUpgradeCheck = 0460;
				ORGANIZATIONNAME = uLynn;
			};
			buildConfigurationList = BADB81DF16D1D13D00005C86 /* Build configuration list for PBXProject "ColorPicker" */;
			compatibilityVersion = "Xcode 3.2";
			developmentRegion = English;
			hasScannedForEncodings = 0;
			knownRegions = (
				en,
				"zh-Hans",
				ja,
			);
			mainGroup = BADB81DB16D1D13D00005C86;
			productRefGroup = BADB81E516D1D13D00005C86 /* Products */;
			projectDirPath = "";
			projectRoot = "";
			targets = (
				BADB81E316D1D13D00005C86 /* ColorPicker */,
			);
		};
/* End PBXProject section */

/* Begin PBXResourcesBuildPhase section */
		BADB81E216D1D13D00005C86 /* Resources */ = {
			isa = PBXResourcesBuildPhase;
			buildActionMask = 2147483647;
			files = (
				BADB81F216D1D13D00005C86 /* InfoPlist.strings in Resources */,
				BADB81FA16D1D13D00005C86 /* Default.png in Resources */,
				BADB81FC16D1D13D00005C86 /* Default@2x.png in Resources */,
				BADB81FE16D1D13D00005C86 /* Default-568h@2x.png in Resources */,
				BADB820116D1D13D00005C86 /* MainStoryboard_iPhone.storyboard in Resources */,
				BADB820416D1D13D00005C86 /* MainStoryboard_iPad.storyboard in Resources */,
				BADB822916D3163A00005C86 /* ImageChopper.storyboard in Resources */,
				BA23901F16D73B85001E79AC /* magnifier.png in Resources */,
				BA23902116D7682B001E79AC /* ChoosePhoto.png in Resources */,
				BA23902816D76EF8001E79AC /* Icon-72.png in Resources */,
				BA23902916D76EF8001E79AC /* Icon-Small-50.png in Resources */,
				BA23902A16D76EF8001E79AC /* Icon-Small.png in Resources */,
				BA23902B16D76EF8001E79AC /* Icon-Small@2x.png in Resources */,
				BA23902C16D76EF8001E79AC /* Icon.png in Resources */,
				BA23902D16D76EF8001E79AC /* Icon@2x.png in Resources */,
				BA23902F16D76F02001E79AC /* iTunesArtwork in Resources */,
				BA23903116D7708C001E79AC /* SaveButton.png in Resources */,
				BA05DB8C16D897E100F44750 /* TakePhoto.png in Resources */,
				7E8F819016D9059D0086258D /* DomobAdSDKBundle.bundle in Resources */,
				BA0C5F2716DB0B99001EB5DB /* Placeholder.png in Resources */,
				BA0C5F2C16DB0CCD001EB5DB /* ColorHistoryTableViewCell.xib in Resources */,
				BA0C5F3316DB3A00001EB5DB /* ColorHistoryTableViewController.storyboard in Resources */,
				BA7D5A5516DC5B2F005E21F7 /* InfColorPickerView.xib in Resources */,
				BA0C1D9716DC8D30000D534A /* ShareSend.storyboard in Resources */,
				BA0C1DA316DC8DAA000D534A /* weibo32_Black.png in Resources */,
				BA0C1DA416DC8DAA000D534A /* weibo32.png in Resources */,
				BA0C1DA516DC8DAA000D534A /* weibo64_Black.png in Resources */,
				BA0C1DA616DC8DAA000D534A /* weibo64.png in Resources */,
				BA0C1DAE16DC8E83000D534A /* UserInfoPropertyList.plist in Resources */,
				BA4DF9FA16DDF1C90065AB04 /* WebChat.png in Resources */,
				BA66343D16DF15EE00F160CD /* History.png in Resources */,
				BA66343F16DF15F400F160CD /* Favourite.png in Resources */,
				BA1B54CA16E04B9300C1AC6E /* LINEActivityIcon.png in Resources */,
				BA1B54CB16E04B9300C1AC6E /* LINEActivityIcon@2x.png in Resources */,
				BA1B54CC16E04B9300C1AC6E /* LINEActivityIcon@2x~ipad.png in Resources */,
				BA1B54CD16E04B9300C1AC6E /* LINEActivityIcon~ipad.png in Resources */,
				BA1B54D716E05B1300C1AC6E /* Tc32_Black.png in Resources */,
				BA1B54D816E05B1300C1AC6E /* TCweiboicon32.png in Resources */,
			);
			runOnlyForDeploymentPostprocessing = 0;
		};
/* End PBXResourcesBuildPhase section */

/* Begin PBXSourcesBuildPhase section */
		BADB81E016D1D13D00005C86 /* Sources */ = {
			isa = PBXSourcesBuildPhase;
			buildActionMask = 2147483647;
			files = (
				BADB81F416D1D13D00005C86 /* main.m in Sources */,
				BADB81F816D1D13D00005C86 /* ColorPickerAppDelegate.m in Sources */,
				BADB821316D1D6F200005C86 /* PickerInitViewController.m in Sources */,
				BADB821716D1DA5600005C86 /* ColorPickerBaseViewController.m in Sources */,
				BADB821A16D1DAE300005C86 /* LocalPicPicker.m in Sources */,
				BADB821D16D1DB8F00005C86 /* WCAlertView.m in Sources */,
				BADB822016D1DB9E00005C86 /* AlertViewManager.m in Sources */,
				BADB822316D1DBBE00005C86 /* TimerManager.m in Sources */,
				BADB822716D213B600005C86 /* ImageChopperViewController.m in Sources */,
				BADB822F16D361CC00005C86 /* PickedImageVIew.m in Sources */,
				BA05DB7B16D8579300F44750 /* CoreDataTableViewController.m in Sources */,
				BA05DB7E16D85FD800F44750 /* ColorTable.xcdatamodeld in Sources */,
				BA05DB9216D89EFC00F44750 /* ColorHistoryTableViewController.m in Sources */,
				BA05DB9616D8AF6600F44750 /* ImageOperate.m in Sources */,
				BA05DB9D16D8B5CF00F44750 /* ColorsData+Operator.m in Sources */,
				BA0C5F2A16DB0CB4001EB5DB /* ColorHistoryTableViewCell.m in Sources */,
				BA0C5F3016DB31F9001EB5DB /* ColorsData.m in Sources */,
				BA0C5F3616DB3F4B001EB5DB /* AboutViewController.m in Sources */,
				BA0C5F3916DB3FA2001EB5DB /* SMSAndMailManager.m in Sources */,
				BA7D5A5216DC5B2F005E21F7 /* InfColorBarPicker.m in Sources */,
				BA7D5A5316DC5B2F005E21F7 /* InfColorIndicatorView.m in Sources */,
				BA7D5A5416DC5B2F005E21F7 /* InfColorPickerController.m in Sources */,
				BA7D5A5616DC5B2F005E21F7 /* InfColorSquarePicker.m in Sources */,
				BA7D5A5716DC5B2F005E21F7 /* InfHSBSupport.m in Sources */,
				BA7D5A5816DC5B2F005E21F7 /* InfSourceColorView.m in Sources */,
				BA7D5A5C16DC6420005E21F7 /* ColorPickerTabBarController.m in Sources */,
				BA0C1D9A16DC8D42000D534A /* ShareSendViewController.m in Sources */,
				BA0C1DA916DC8DE2000D534A /* OauthViewController.m in Sources */,
				BA0C1DAC16DC8E47000D534A /* UserTokenFileOperate.m in Sources */,
				BA0C1DB116DC8EA7000D534A /* UserOauthData.m in Sources */,
				BA0C1DB416DC8F08000D534A /* OauthKey.m in Sources */,
				BAD581A616DEF7ED0078A655 /* ColorPickerRootViewController.m in Sources */,
				BA1B54C916E04B9300C1AC6E /* LINEActivity.m in Sources */,
			);
			runOnlyForDeploymentPostprocessing = 0;
		};
/* End PBXSourcesBuildPhase section */

/* Begin PBXVariantGroup section */
		BADB81F016D1D13D00005C86 /* InfoPlist.strings */ = {
			isa = PBXVariantGroup;
			children = (
				BADB81F116D1D13D00005C86 /* en */,
				BA0C1DB716DC9B03000D534A /* zh-Hans */,
				BA4DF9F116DDE8C00065AB04 /* ja */,
			);
			name = InfoPlist.strings;
			sourceTree = "<group>";
		};
		BADB81FF16D1D13D00005C86 /* MainStoryboard_iPhone.storyboard */ = {
			isa = PBXVariantGroup;
			children = (
				BADB820016D1D13D00005C86 /* en */,
				BA0C1DB516DC9B03000D534A /* zh-Hans */,
				BA4DF9EF16DDE8C00065AB04 /* ja */,
			);
			name = MainStoryboard_iPhone.storyboard;
			sourceTree = "<group>";
		};
		BADB820216D1D13D00005C86 /* MainStoryboard_iPad.storyboard */ = {
			isa = PBXVariantGroup;
			children = (
				BADB820316D1D13D00005C86 /* en */,
				BA0C1DB616DC9B03000D534A /* zh-Hans */,
				BA4DF9F016DDE8C00065AB04 /* ja */,
			);
			name = MainStoryboard_iPad.storyboard;
			sourceTree = "<group>";
		};
/* End PBXVariantGroup section */

/* Begin XCBuildConfiguration section */
		BADB820816D1D13D00005C86 /* Debug */ = {
			isa = XCBuildConfiguration;
			buildSettings = {
				ALWAYS_SEARCH_USER_PATHS = NO;
				CLANG_CXX_LANGUAGE_STANDARD = "gnu++0x";
				CLANG_CXX_LIBRARY = "libc++";
				CLANG_ENABLE_OBJC_ARC = YES;
				CLANG_WARN_CONSTANT_CONVERSION = YES;
				CLANG_WARN_EMPTY_BODY = YES;
				CLANG_WARN_ENUM_CONVERSION = YES;
				CLANG_WARN_INT_CONVERSION = YES;
				CLANG_WARN__DUPLICATE_METHOD_MATCH = YES;
				CODE_SIGN_IDENTITY = "iPhone Developer";
				"CODE_SIGN_IDENTITY[sdk=iphoneos*]" = "iPhone Distribution: Zechen Liu";
				COPY_PHASE_STRIP = NO;
				GCC_C_LANGUAGE_STANDARD = gnu99;
				GCC_DYNAMIC_NO_PIC = NO;
				GCC_OPTIMIZATION_LEVEL = 0;
				GCC_PREPROCESSOR_DEFINITIONS = (
					"DEBUG=1",
					"$(inherited)",
				);
				GCC_SYMBOLS_PRIVATE_EXTERN = NO;
				GCC_WARN_ABOUT_RETURN_TYPE = YES;
				GCC_WARN_UNINITIALIZED_AUTOS = YES;
				GCC_WARN_UNUSED_VARIABLE = YES;
				IPHONEOS_DEPLOYMENT_TARGET = 5.1;
				ONLY_ACTIVE_ARCH = YES;
				PROVISIONING_PROFILE = "";
				"PROVISIONING_PROFILE[sdk=iphoneos*]" = "52180073-5C68-40E8-909A-D63D629D6A9A";
				SDKROOT = iphoneos;
				TARGETED_DEVICE_FAMILY = "1,2";
			};
			name = Debug;
		};
		BADB820916D1D13D00005C86 /* Release */ = {
			isa = XCBuildConfiguration;
			buildSettings = {
				ALWAYS_SEARCH_USER_PATHS = NO;
				CLANG_CXX_LANGUAGE_STANDARD = "gnu++0x";
				CLANG_CXX_LIBRARY = "libc++";
				CLANG_ENABLE_OBJC_ARC = YES;
				CLANG_WARN_CONSTANT_CONVERSION = YES;
				CLANG_WARN_EMPTY_BODY = YES;
				CLANG_WARN_ENUM_CONVERSION = YES;
				CLANG_WARN_INT_CONVERSION = YES;
				CLANG_WARN__DUPLICATE_METHOD_MATCH = YES;
				CODE_SIGN_IDENTITY = "iPhone Developer";
				"CODE_SIGN_IDENTITY[sdk=iphoneos*]" = "iPhone Distribution: Zechen Liu";
				COPY_PHASE_STRIP = YES;
				GCC_C_LANGUAGE_STANDARD = gnu99;
				GCC_WARN_ABOUT_RETURN_TYPE = YES;
				GCC_WARN_UNINITIALIZED_AUTOS = YES;
				GCC_WARN_UNUSED_VARIABLE = YES;
				IPHONEOS_DEPLOYMENT_TARGET = 5.1;
				ONLY_ACTIVE_ARCH = YES;
				OTHER_CFLAGS = "-DNS_BLOCK_ASSERTIONS=1";
				PROVISIONING_PROFILE = "";
				"PROVISIONING_PROFILE[sdk=iphoneos*]" = "629F01EE-3AAA-48D1-9889-8DB52A667CE5";
				SDKROOT = iphoneos;
				TARGETED_DEVICE_FAMILY = "1,2";
				VALIDATE_PRODUCT = YES;
			};
			name = Release;
		};
		BADB820B16D1D13D00005C86 /* Debug */ = {
			isa = XCBuildConfiguration;
			buildSettings = {
				CODE_SIGN_IDENTITY = "iPhone Developer";
				"CODE_SIGN_IDENTITY[sdk=iphoneos*]" = "iPhone Developer";
				GCC_PRECOMPILE_PREFIX_HEADER = YES;
				GCC_PREFIX_HEADER = "ColorPicker/ColorPicker-Prefix.pch";
				INFOPLIST_FILE = "ColorPicker/ColorPicker-Info.plist";
				IPHONEOS_DEPLOYMENT_TARGET = 5.1;
				LIBRARY_SEARCH_PATHS = (
					"$(inherited)",
					"\"$(SRCROOT)/DomobAdSDK\"",
					"\"$(SRCROOT)/ColorPicker\"",
				);
				PRODUCT_NAME = "$(TARGET_NAME)";
				PROVISIONING_PROFILE = "";
				"PROVISIONING_PROFILE[sdk=iphoneos*]" = "";
				TARGETED_DEVICE_FAMILY = "1,2";
				WRAPPER_EXTENSION = app;
			};
			name = Debug;
		};
		BADB820C16D1D13D00005C86 /* Release */ = {
			isa = XCBuildConfiguration;
			buildSettings = {
				CODE_SIGN_IDENTITY = "iPhone Developer";
				"CODE_SIGN_IDENTITY[sdk=iphoneos*]" = "iPhone Developer";
				GCC_PRECOMPILE_PREFIX_HEADER = YES;
				GCC_PREFIX_HEADER = "ColorPicker/ColorPicker-Prefix.pch";
				INFOPLIST_FILE = "ColorPicker/ColorPicker-Info.plist";
				IPHONEOS_DEPLOYMENT_TARGET = 5.1;
				LIBRARY_SEARCH_PATHS = (
					"$(inherited)",
					"\"$(SRCROOT)/DomobAdSDK\"",
					"\"$(SRCROOT)/ColorPicker\"",
				);
				PRODUCT_NAME = "$(TARGET_NAME)";
				PROVISIONING_PROFILE = "";
				"PROVISIONING_PROFILE[sdk=iphoneos*]" = "";
				TARGETED_DEVICE_FAMILY = "1,2";
				WRAPPER_EXTENSION = app;
			};
			name = Release;
		};
/* End XCBuildConfiguration section */

/* Begin XCConfigurationList section */
		BADB81DF16D1D13D00005C86 /* Build configuration list for PBXProject "ColorPicker" */ = {
			isa = XCConfigurationList;
			buildConfigurations = (
				BADB820816D1D13D00005C86 /* Debug */,
				BADB820916D1D13D00005C86 /* Release */,
			);
			defaultConfigurationIsVisible = 0;
			defaultConfigurationName = Release;
		};
		BADB820A16D1D13D00005C86 /* Build configuration list for PBXNativeTarget "ColorPicker" */ = {
			isa = XCConfigurationList;
			buildConfigurations = (
				BADB820B16D1D13D00005C86 /* Debug */,
				BADB820C16D1D13D00005C86 /* Release */,
			);
			defaultConfigurationIsVisible = 0;
			defaultConfigurationName = Release;
		};
/* End XCConfigurationList section */

/* Begin XCVersionGroup section */
		BA05DB7C16D85FD800F44750 /* ColorTable.xcdatamodeld */ = {
			isa = XCVersionGroup;
			children = (
				BA05DB7D16D85FD800F44750 /* ColorTable.xcdatamodel */,
			);
			currentVersion = BA05DB7D16D85FD800F44750 /* ColorTable.xcdatamodel */;
			path = ColorTable.xcdatamodeld;
			sourceTree = "<group>";
			versionGroupType = wrapper.xcdatamodel;
		};
/* End XCVersionGroup section */
	};
	rootObject = BADB81DC16D1D13D00005C86 /* Project object */;
}
